// !$*UTF8*$!
{
	archiveVersion = 1;
	classes = {
	};
	objectVersion = 50;
	objects = {

/* Begin PBXBuildFile section */
		956B99ED2256B53200A07B81 /* AppDelegate.swift in Sources */ = {isa = PBXBuildFile; fileRef = 956B99EC2256B53200A07B81 /* AppDelegate.swift */; };
		956B99EF2256B53200A07B81 /* ViewController.swift in Sources */ = {isa = PBXBuildFile; fileRef = 956B99EE2256B53200A07B81 /* ViewController.swift */; };
		956B99F22256B53200A07B81 /* Main.storyboard in Resources */ = {isa = PBXBuildFile; fileRef = 956B99F02256B53200A07B81 /* Main.storyboard */; };
		956B99F42256B53900A07B81 /* Assets.xcassets in Resources */ = {isa = PBXBuildFile; fileRef = 956B99F32256B53900A07B81 /* Assets.xcassets */; };
		956B99F72256B53900A07B81 /* LaunchScreen.storyboard in Resources */ = {isa = PBXBuildFile; fileRef = 956B99F52256B53900A07B81 /* LaunchScreen.storyboard */; };
		956B9A022256B53A00A07B81 /* Crossword_v4Tests.swift in Sources */ = {isa = PBXBuildFile; fileRef = 956B9A012256B53A00A07B81 /* Crossword_v4Tests.swift */; };
		956B9A0D2256B53A00A07B81 /* Crossword_v4UITests.swift in Sources */ = {isa = PBXBuildFile; fileRef = 956B9A0C2256B53A00A07B81 /* Crossword_v4UITests.swift */; };
		956B9A232256DDD700A07B81 /* KeyboardViewController.swift in Sources */ = {isa = PBXBuildFile; fileRef = 956B9A222256DDD700A07B81 /* KeyboardViewController.swift */; };
		956B9A272256DDD700A07B81 /* CrosswordKeyboard.appex in Embed App Extensions */ = {isa = PBXBuildFile; fileRef = 956B9A202256DDD700A07B81 /* CrosswordKeyboard.appex */; settings = {ATTRIBUTES = (RemoveHeadersOnCopy, ); }; };
		956B9A2D2256DE6500A07B81 /* CWKeyboard.xib in Resources */ = {isa = PBXBuildFile; fileRef = 956B9A2C2256DE6500A07B81 /* CWKeyboard.xib */; };
		956B9A302259C23600A07B81 /* CustomButton.swift in Sources */ = {isa = PBXBuildFile; fileRef = 956B9A2E2259C21D00A07B81 /* CustomButton.swift */; };
		956B9A322259C36700A07B81 /* IntroScreenController.swift in Sources */ = {isa = PBXBuildFile; fileRef = 956B9A312259C36700A07B81 /* IntroScreenController.swift */; };
/* End PBXBuildFile section */

/* Begin PBXContainerItemProxy section */
		956B99FE2256B53A00A07B81 /* PBXContainerItemProxy */ = {
			isa = PBXContainerItemProxy;
			containerPortal = 956B99E12256B53100A07B81 /* Project object */;
			proxyType = 1;
			remoteGlobalIDString = 956B99E82256B53200A07B81;
			remoteInfo = "Crossword v4";
		};
		956B9A092256B53A00A07B81 /* PBXContainerItemProxy */ = {
			isa = PBXContainerItemProxy;
			containerPortal = 956B99E12256B53100A07B81 /* Project object */;
			proxyType = 1;
			remoteGlobalIDString = 956B99E82256B53200A07B81;
			remoteInfo = "Crossword v4";
		};
		956B9A252256DDD700A07B81 /* PBXContainerItemProxy */ = {
			isa = PBXContainerItemProxy;
			containerPortal = 956B99E12256B53100A07B81 /* Project object */;
			proxyType = 1;
			remoteGlobalIDString = 956B9A1F2256DDD700A07B81;
			remoteInfo = CrosswordKeyboard;
		};
/* End PBXContainerItemProxy section */

/* Begin PBXCopyFilesBuildPhase section */
		956B9A2B2256DDD700A07B81 /* Embed App Extensions */ = {
			isa = PBXCopyFilesBuildPhase;
			buildActionMask = 2147483647;
			dstPath = "";
			dstSubfolderSpec = 13;
			files = (
				956B9A272256DDD700A07B81 /* CrosswordKeyboard.appex in Embed App Extensions */,
			);
			name = "Embed App Extensions";
			runOnlyForDeploymentPostprocessing = 0;
		};
/* End PBXCopyFilesBuildPhase section */

/* Begin PBXFileReference section */
		956B99E92256B53200A07B81 /* Crossword v4.app */ = {isa = PBXFileReference; explicitFileType = wrapper.application; includeInIndex = 0; path = "Crossword v4.app"; sourceTree = BUILT_PRODUCTS_DIR; };
		956B99EC2256B53200A07B81 /* AppDelegate.swift */ = {isa = PBXFileReference; lastKnownFileType = sourcecode.swift; path = AppDelegate.swift; sourceTree = "<group>"; };
		956B99EE2256B53200A07B81 /* ViewController.swift */ = {isa = PBXFileReference; lastKnownFileType = sourcecode.swift; path = ViewController.swift; sourceTree = "<group>"; };
		956B99F12256B53200A07B81 /* Base */ = {isa = PBXFileReference; lastKnownFileType = file.storyboard; name = Base; path = Base.lproj/Main.storyboard; sourceTree = "<group>"; };
		956B99F32256B53900A07B81 /* Assets.xcassets */ = {isa = PBXFileReference; lastKnownFileType = folder.assetcatalog; path = Assets.xcassets; sourceTree = "<group>"; };
		956B99F62256B53900A07B81 /* Base */ = {isa = PBXFileReference; lastKnownFileType = file.storyboard; name = Base; path = Base.lproj/LaunchScreen.storyboard; sourceTree = "<group>"; };
		956B99F82256B53900A07B81 /* Info.plist */ = {isa = PBXFileReference; lastKnownFileType = text.plist.xml; path = Info.plist; sourceTree = "<group>"; };
		956B99FD2256B53A00A07B81 /* Crossword v4Tests.xctest */ = {isa = PBXFileReference; explicitFileType = wrapper.cfbundle; includeInIndex = 0; path = "Crossword v4Tests.xctest"; sourceTree = BUILT_PRODUCTS_DIR; };
		956B9A012256B53A00A07B81 /* Crossword_v4Tests.swift */ = {isa = PBXFileReference; lastKnownFileType = sourcecode.swift; path = Crossword_v4Tests.swift; sourceTree = "<group>"; };
		956B9A032256B53A00A07B81 /* Info.plist */ = {isa = PBXFileReference; lastKnownFileType = text.plist.xml; path = Info.plist; sourceTree = "<group>"; };
		956B9A082256B53A00A07B81 /* Crossword v4UITests.xctest */ = {isa = PBXFileReference; explicitFileType = wrapper.cfbundle; includeInIndex = 0; path = "Crossword v4UITests.xctest"; sourceTree = BUILT_PRODUCTS_DIR; };
		956B9A0C2256B53A00A07B81 /* Crossword_v4UITests.swift */ = {isa = PBXFileReference; lastKnownFileType = sourcecode.swift; path = Crossword_v4UITests.swift; sourceTree = "<group>"; };
		956B9A0E2256B53A00A07B81 /* Info.plist */ = {isa = PBXFileReference; lastKnownFileType = text.plist.xml; path = Info.plist; sourceTree = "<group>"; };
		956B9A202256DDD700A07B81 /* CrosswordKeyboard.appex */ = {isa = PBXFileReference; explicitFileType = "wrapper.app-extension"; includeInIndex = 0; path = CrosswordKeyboard.appex; sourceTree = BUILT_PRODUCTS_DIR; };
		956B9A222256DDD700A07B81 /* KeyboardViewController.swift */ = {isa = PBXFileReference; lastKnownFileType = sourcecode.swift; path = KeyboardViewController.swift; sourceTree = "<group>"; };
		956B9A242256DDD700A07B81 /* Info.plist */ = {isa = PBXFileReference; lastKnownFileType = text.plist.xml; path = Info.plist; sourceTree = "<group>"; };
		956B9A2C2256DE6500A07B81 /* CWKeyboard.xib */ = {isa = PBXFileReference; lastKnownFileType = file.xib; path = CWKeyboard.xib; sourceTree = "<group>"; };
		956B9A2E2259C21D00A07B81 /* CustomButton.swift */ = {isa = PBXFileReference; lastKnownFileType = sourcecode.swift; path = CustomButton.swift; sourceTree = "<group>"; };
		956B9A312259C36700A07B81 /* IntroScreenController.swift */ = {isa = PBXFileReference; lastKnownFileType = sourcecode.swift; path = IntroScreenController.swift; sourceTree = "<group>"; };
/* End PBXFileReference section */

/* Begin PBXFrameworksBuildPhase section */
		956B99E62256B53200A07B81 /* Frameworks */ = {
			isa = PBXFrameworksBuildPhase;
			buildActionMask = 2147483647;
			files = (
			);
			runOnlyForDeploymentPostprocessing = 0;
		};
		956B99FA2256B53A00A07B81 /* Frameworks */ = {
			isa = PBXFrameworksBuildPhase;
			buildActionMask = 2147483647;
			files = (
			);
			runOnlyForDeploymentPostprocessing = 0;
		};
		956B9A052256B53A00A07B81 /* Frameworks */ = {
			isa = PBXFrameworksBuildPhase;
			buildActionMask = 2147483647;
			files = (
			);
			runOnlyForDeploymentPostprocessing = 0;
		};
		956B9A1D2256DDD700A07B81 /* Frameworks */ = {
			isa = PBXFrameworksBuildPhase;
			buildActionMask = 2147483647;
			files = (
			);
			runOnlyForDeploymentPostprocessing = 0;
		};
/* End PBXFrameworksBuildPhase section */

/* Begin PBXGroup section */
		956B99E02256B53100A07B81 = {
			isa = PBXGroup;
			children = (
				956B99EB2256B53200A07B81 /* Crossword v4 */,
				956B9A002256B53A00A07B81 /* Crossword v4Tests */,
				956B9A0B2256B53A00A07B81 /* Crossword v4UITests */,
				956B9A212256DDD700A07B81 /* CrosswordKeyboard */,
				956B99EA2256B53200A07B81 /* Products */,
			);
			sourceTree = "<group>";
		};
		956B99EA2256B53200A07B81 /* Products */ = {
			isa = PBXGroup;
			children = (
				956B99E92256B53200A07B81 /* Crossword v4.app */,
				956B99FD2256B53A00A07B81 /* Crossword v4Tests.xctest */,
				956B9A082256B53A00A07B81 /* Crossword v4UITests.xctest */,
				956B9A202256DDD700A07B81 /* CrosswordKeyboard.appex */,
			);
			name = Products;
			sourceTree = "<group>";
		};
		956B99EB2256B53200A07B81 /* Crossword v4 */ = {
			isa = PBXGroup;
			children = (
				956B9A2E2259C21D00A07B81 /* CustomButton.swift */,
				956B9A312259C36700A07B81 /* IntroScreenController.swift */,
				956B99EC2256B53200A07B81 /* AppDelegate.swift */,
				956B99EE2256B53200A07B81 /* ViewController.swift */,
				956B99F02256B53200A07B81 /* Main.storyboard */,
				956B99F32256B53900A07B81 /* Assets.xcassets */,
				956B99F52256B53900A07B81 /* LaunchScreen.storyboard */,
				956B99F82256B53900A07B81 /* Info.plist */,
			);
			path = "Crossword v4";
			sourceTree = "<group>";
		};
		956B9A002256B53A00A07B81 /* Crossword v4Tests */ = {
			isa = PBXGroup;
			children = (
				956B9A012256B53A00A07B81 /* Crossword_v4Tests.swift */,
				956B9A032256B53A00A07B81 /* Info.plist */,
			);
			path = "Crossword v4Tests";
			sourceTree = "<group>";
		};
		956B9A0B2256B53A00A07B81 /* Crossword v4UITests */ = {
			isa = PBXGroup;
			children = (
				956B9A0C2256B53A00A07B81 /* Crossword_v4UITests.swift */,
				956B9A0E2256B53A00A07B81 /* Info.plist */,
			);
			path = "Crossword v4UITests";
			sourceTree = "<group>";
		};
		956B9A212256DDD700A07B81 /* CrosswordKeyboard */ = {
			isa = PBXGroup;
			children = (
				956B9A222256DDD700A07B81 /* KeyboardViewController.swift */,
				956B9A242256DDD700A07B81 /* Info.plist */,
				956B9A2C2256DE6500A07B81 /* CWKeyboard.xib */,
			);
			path = CrosswordKeyboard;
			sourceTree = "<group>";
		};
/* End PBXGroup section */

/* Begin PBXNativeTarget section */
		956B99E82256B53200A07B81 /* Crossword v4 */ = {
			isa = PBXNativeTarget;
			buildConfigurationList = 956B9A112256B53A00A07B81 /* Build configuration list for PBXNativeTarget "Crossword v4" */;
			buildPhases = (
				956B99E52256B53200A07B81 /* Sources */,
				956B99E62256B53200A07B81 /* Frameworks */,
				956B99E72256B53200A07B81 /* Resources */,
				956B9A2B2256DDD700A07B81 /* Embed App Extensions */,
			);
			buildRules = (
			);
			dependencies = (
				956B9A262256DDD700A07B81 /* PBXTargetDependency */,
			);
			name = "Crossword v4";
			productName = "Crossword v4";
			productReference = 956B99E92256B53200A07B81 /* Crossword v4.app */;
			productType = "com.apple.product-type.application";
		};
		956B99FC2256B53A00A07B81 /* Crossword v4Tests */ = {
			isa = PBXNativeTarget;
			buildConfigurationList = 956B9A142256B53A00A07B81 /* Build configuration list for PBXNativeTarget "Crossword v4Tests" */;
			buildPhases = (
				956B99F92256B53A00A07B81 /* Sources */,
				956B99FA2256B53A00A07B81 /* Frameworks */,
				956B99FB2256B53A00A07B81 /* Resources */,
			);
			buildRules = (
			);
			dependencies = (
				956B99FF2256B53A00A07B81 /* PBXTargetDependency */,
			);
			name = "Crossword v4Tests";
			productName = "Crossword v4Tests";
			productReference = 956B99FD2256B53A00A07B81 /* Crossword v4Tests.xctest */;
			productType = "com.apple.product-type.bundle.unit-test";
		};
		956B9A072256B53A00A07B81 /* Crossword v4UITests */ = {
			isa = PBXNativeTarget;
			buildConfigurationList = 956B9A172256B53A00A07B81 /* Build configuration list for PBXNativeTarget "Crossword v4UITests" */;
			buildPhases = (
				956B9A042256B53A00A07B81 /* Sources */,
				956B9A052256B53A00A07B81 /* Frameworks */,
				956B9A062256B53A00A07B81 /* Resources */,
			);
			buildRules = (
			);
			dependencies = (
				956B9A0A2256B53A00A07B81 /* PBXTargetDependency */,
			);
			name = "Crossword v4UITests";
			productName = "Crossword v4UITests";
			productReference = 956B9A082256B53A00A07B81 /* Crossword v4UITests.xctest */;
			productType = "com.apple.product-type.bundle.ui-testing";
		};
		956B9A1F2256DDD700A07B81 /* CrosswordKeyboard */ = {
			isa = PBXNativeTarget;
			buildConfigurationList = 956B9A282256DDD700A07B81 /* Build configuration list for PBXNativeTarget "CrosswordKeyboard" */;
			buildPhases = (
				956B9A1C2256DDD700A07B81 /* Sources */,
				956B9A1D2256DDD700A07B81 /* Frameworks */,
				956B9A1E2256DDD700A07B81 /* Resources */,
			);
			buildRules = (
			);
			dependencies = (
			);
			name = CrosswordKeyboard;
			productName = CrosswordKeyboard;
			productReference = 956B9A202256DDD700A07B81 /* CrosswordKeyboard.appex */;
			productType = "com.apple.product-type.app-extension";
		};
/* End PBXNativeTarget section */

/* Begin PBXProject section */
		956B99E12256B53100A07B81 /* Project object */ = {
			isa = PBXProject;
			attributes = {
				LastSwiftUpdateCheck = 1010;
				LastUpgradeCheck = 1010;
				ORGANIZATIONNAME = "Kelsey Yim";
				TargetAttributes = {
					956B99E82256B53200A07B81 = {
						CreatedOnToolsVersion = 10.1;
					};
					956B99FC2256B53A00A07B81 = {
						CreatedOnToolsVersion = 10.1;
						TestTargetID = 956B99E82256B53200A07B81;
					};
					956B9A072256B53A00A07B81 = {
						CreatedOnToolsVersion = 10.1;
						TestTargetID = 956B99E82256B53200A07B81;
					};
					956B9A1F2256DDD700A07B81 = {
						CreatedOnToolsVersion = 10.1;
					};
				};
			};
			buildConfigurationList = 956B99E42256B53100A07B81 /* Build configuration list for PBXProject "Crossword v4" */;
			compatibilityVersion = "Xcode 9.3";
			developmentRegion = en;
			hasScannedForEncodings = 0;
			knownRegions = (
				en,
				Base,
			);
			mainGroup = 956B99E02256B53100A07B81;
			productRefGroup = 956B99EA2256B53200A07B81 /* Products */;
			projectDirPath = "";
			projectRoot = "";
			targets = (
				956B99E82256B53200A07B81 /* Crossword v4 */,
				956B99FC2256B53A00A07B81 /* Crossword v4Tests */,
				956B9A072256B53A00A07B81 /* Crossword v4UITests */,
				956B9A1F2256DDD700A07B81 /* CrosswordKeyboard */,
			);
		};
/* End PBXProject section */

/* Begin PBXResourcesBuildPhase section */
		956B99E72256B53200A07B81 /* Resources */ = {
			isa = PBXResourcesBuildPhase;
			buildActionMask = 2147483647;
			files = (
				956B99F72256B53900A07B81 /* LaunchScreen.storyboard in Resources */,
				956B99F42256B53900A07B81 /* Assets.xcassets in Resources */,
				956B99F22256B53200A07B81 /* Main.storyboard in Resources */,
			);
			runOnlyForDeploymentPostprocessing = 0;
		};
		956B99FB2256B53A00A07B81 /* Resources */ = {
			isa = PBXResourcesBuildPhase;
			buildActionMask = 2147483647;
			files = (
			);
			runOnlyForDeploymentPostprocessing = 0;
		};
		956B9A062256B53A00A07B81 /* Resources */ = {
			isa = PBXResourcesBuildPhase;
			buildActionMask = 2147483647;
			files = (
			);
			runOnlyForDeploymentPostprocessing = 0;
		};
		956B9A1E2256DDD700A07B81 /* Resources */ = {
			isa = PBXResourcesBuildPhase;
			buildActionMask = 2147483647;
			files = (
				956B9A2D2256DE6500A07B81 /* CWKeyboard.xib in Resources */,
			);
			runOnlyForDeploymentPostprocessing = 0;
		};
/* End PBXResourcesBuildPhase section */

/* Begin PBXSourcesBuildPhase section */
		956B99E52256B53200A07B81 /* Sources */ = {
			isa = PBXSourcesBuildPhase;
			buildActionMask = 2147483647;
			files = (
				956B9A302259C23600A07B81 /* CustomButton.swift in Sources */,
				956B9A322259C36700A07B81 /* IntroScreenController.swift in Sources */,
				956B99EF2256B53200A07B81 /* ViewController.swift in Sources */,
				956B99ED2256B53200A07B81 /* AppDelegate.swift in Sources */,
			);
			runOnlyForDeploymentPostprocessing = 0;
		};
		956B99F92256B53A00A07B81 /* Sources */ = {
			isa = PBXSourcesBuildPhase;
			buildActionMask = 2147483647;
			files = (
				956B9A022256B53A00A07B81 /* Crossword_v4Tests.swift in Sources */,
			);
			runOnlyForDeploymentPostprocessing = 0;
		};
		956B9A042256B53A00A07B81 /* Sources */ = {
			isa = PBXSourcesBuildPhase;
			buildActionMask = 2147483647;
			files = (
				956B9A0D2256B53A00A07B81 /* Crossword_v4UITests.swift in Sources */,
			);
			runOnlyForDeploymentPostprocessing = 0;
		};
		956B9A1C2256DDD700A07B81 /* Sources */ = {
			isa = PBXSourcesBuildPhase;
			buildActionMask = 2147483647;
			files = (
				956B9A232256DDD700A07B81 /* KeyboardViewController.swift in Sources */,
			);
			runOnlyForDeploymentPostprocessing = 0;
		};
/* End PBXSourcesBuildPhase section */

/* Begin PBXTargetDependency section */
		956B99FF2256B53A00A07B81 /* PBXTargetDependency */ = {
			isa = PBXTargetDependency;
			target = 956B99E82256B53200A07B81 /* Crossword v4 */;
			targetProxy = 956B99FE2256B53A00A07B81 /* PBXContainerItemProxy */;
		};
		956B9A0A2256B53A00A07B81 /* PBXTargetDependency */ = {
			isa = PBXTargetDependency;
			target = 956B99E82256B53200A07B81 /* Crossword v4 */;
			targetProxy = 956B9A092256B53A00A07B81 /* PBXContainerItemProxy */;
		};
		956B9A262256DDD700A07B81 /* PBXTargetDependency */ = {
			isa = PBXTargetDependency;
			target = 956B9A1F2256DDD700A07B81 /* CrosswordKeyboard */;
			targetProxy = 956B9A252256DDD700A07B81 /* PBXContainerItemProxy */;
		};
/* End PBXTargetDependency section */

/* Begin PBXVariantGroup section */
		956B99F02256B53200A07B81 /* Main.storyboard */ = {
			isa = PBXVariantGroup;
			children = (
				956B99F12256B53200A07B81 /* Base */,
			);
			name = Main.storyboard;
			sourceTree = "<group>";
		};
		956B99F52256B53900A07B81 /* LaunchScreen.storyboard */ = {
			isa = PBXVariantGroup;
			children = (
				956B99F62256B53900A07B81 /* Base */,
			);
			name = LaunchScreen.storyboard;
			sourceTree = "<group>";
		};
/* End PBXVariantGroup section */

/* Begin XCBuildConfiguration section */
		956B9A0F2256B53A00A07B81 /* Debug */ = {
			isa = XCBuildConfiguration;
			buildSettings = {
				ALWAYS_SEARCH_USER_PATHS = NO;
				CLANG_ANALYZER_NONNULL = YES;
				CLANG_ANALYZER_NUMBER_OBJECT_CONVERSION = YES_AGGRESSIVE;
				CLANG_CXX_LANGUAGE_STANDARD = "gnu++14";
				CLANG_CXX_LIBRARY = "libc++";
				CLANG_ENABLE_MODULES = YES;
				CLANG_ENABLE_OBJC_ARC = YES;
				CLANG_ENABLE_OBJC_WEAK = YES;
				CLANG_WARN_BLOCK_CAPTURE_AUTORELEASING = YES;
				CLANG_WARN_BOOL_CONVERSION = YES;
				CLANG_WARN_COMMA = YES;
				CLANG_WARN_CONSTANT_CONVERSION = YES;
				CLANG_WARN_DEPRECATED_OBJC_IMPLEMENTATIONS = YES;
				CLANG_WARN_DIRECT_OBJC_ISA_USAGE = YES_ERROR;
				CLANG_WARN_DOCUMENTATION_COMMENTS = YES;
				CLANG_WARN_EMPTY_BODY = YES;
				CLANG_WARN_ENUM_CONVERSION = YES;
				CLANG_WARN_INFINITE_RECURSION = YES;
				CLANG_WARN_INT_CONVERSION = YES;
				CLANG_WARN_NON_LITERAL_NULL_CONVERSION = YES;
				CLANG_WARN_OBJC_IMPLICIT_RETAIN_SELF = YES;
				CLANG_WARN_OBJC_LITERAL_CONVERSION = YES;
				CLANG_WARN_OBJC_ROOT_CLASS = YES_ERROR;
				CLANG_WARN_RANGE_LOOP_ANALYSIS = YES;
				CLANG_WARN_STRICT_PROTOTYPES = YES;
				CLANG_WARN_SUSPICIOUS_MOVE = YES;
				CLANG_WARN_UNGUARDED_AVAILABILITY = YES_AGGRESSIVE;
				CLANG_WARN_UNREACHABLE_CODE = YES;
				CLANG_WARN__DUPLICATE_METHOD_MATCH = YES;
				CODE_SIGN_IDENTITY = "iPhone Developer";
				COPY_PHASE_STRIP = NO;
				DEBUG_INFORMATION_FORMAT = dwarf;
				ENABLE_STRICT_OBJC_MSGSEND = YES;
				ENABLE_TESTABILITY = YES;
				GCC_C_LANGUAGE_STANDARD = gnu11;
				GCC_DYNAMIC_NO_PIC = NO;
				GCC_NO_COMMON_BLOCKS = YES;
				GCC_OPTIMIZATION_LEVEL = 0;
				GCC_PREPROCESSOR_DEFINITIONS = (
					"DEBUG=1",
					"$(inherited)",
				);
				GCC_WARN_64_TO_32_BIT_CONVERSION = YES;
				GCC_WARN_ABOUT_RETURN_TYPE = YES_ERROR;
				GCC_WARN_UNDECLARED_SELECTOR = YES;
				GCC_WARN_UNINITIALIZED_AUTOS = YES_AGGRESSIVE;
				GCC_WARN_UNUSED_FUNCTION = YES;
				GCC_WARN_UNUSED_VARIABLE = YES;
				IPHONEOS_DEPLOYMENT_TARGET = 12.1;
				MTL_ENABLE_DEBUG_INFO = INCLUDE_SOURCE;
				MTL_FAST_MATH = YES;
				ONLY_ACTIVE_ARCH = YES;
				SDKROOT = iphoneos;
				SWIFT_ACTIVE_COMPILATION_CONDITIONS = DEBUG;
				SWIFT_OPTIMIZATION_LEVEL = "-Onone";
			};
			name = Debug;
		};
		956B9A102256B53A00A07B81 /* Release */ = {
			isa = XCBuildConfiguration;
			buildSettings = {
				ALWAYS_SEARCH_USER_PATHS = NO;
				CLANG_ANALYZER_NONNULL = YES;
				CLANG_ANALYZER_NUMBER_OBJECT_CONVERSION = YES_AGGRESSIVE;
				CLANG_CXX_LANGUAGE_STANDARD = "gnu++14";
				CLANG_CXX_LIBRARY = "libc++";
				CLANG_ENABLE_MODULES = YES;
				CLANG_ENABLE_OBJC_ARC = YES;
				CLANG_ENABLE_OBJC_WEAK = YES;
				CLANG_WARN_BLOCK_CAPTURE_AUTORELEASING = YES;
				CLANG_WARN_BOOL_CONVERSION = YES;
				CLANG_WARN_COMMA = YES;
				CLANG_WARN_CONSTANT_CONVERSION = YES;
				CLANG_WARN_DEPRECATED_OBJC_IMPLEMENTATIONS = YES;
				CLANG_WARN_DIRECT_OBJC_ISA_USAGE = YES_ERROR;
				CLANG_WARN_DOCUMENTATION_COMMENTS = YES;
				CLANG_WARN_EMPTY_BODY = YES;
				CLANG_WARN_ENUM_CONVERSION = YES;
				CLANG_WARN_INFINITE_RECURSION = YES;
				CLANG_WARN_INT_CONVERSION = YES;
				CLANG_WARN_NON_LITERAL_NULL_CONVERSION = YES;
				CLANG_WARN_OBJC_IMPLICIT_RETAIN_SELF = YES;
				CLANG_WARN_OBJC_LITERAL_CONVERSION = YES;
				CLANG_WARN_OBJC_ROOT_CLASS = YES_ERROR;
				CLANG_WARN_RANGE_LOOP_ANALYSIS = YES;
				CLANG_WARN_STRICT_PROTOTYPES = YES;
				CLANG_WARN_SUSPICIOUS_MOVE = YES;
				CLANG_WARN_UNGUARDED_AVAILABILITY = YES_AGGRESSIVE;
				CLANG_WARN_UNREACHABLE_CODE = YES;
				CLANG_WARN__DUPLICATE_METHOD_MATCH = YES;
				CODE_SIGN_IDENTITY = "iPhone Developer";
				COPY_PHASE_STRIP = NO;
				DEBUG_INFORMATION_FORMAT = "dwarf-with-dsym";
				ENABLE_NS_ASSERTIONS = NO;
				ENABLE_STRICT_OBJC_MSGSEND = YES;
				GCC_C_LANGUAGE_STANDARD = gnu11;
				GCC_NO_COMMON_BLOCKS = YES;
				GCC_WARN_64_TO_32_BIT_CONVERSION = YES;
				GCC_WARN_ABOUT_RETURN_TYPE = YES_ERROR;
				GCC_WARN_UNDECLARED_SELECTOR = YES;
				GCC_WARN_UNINITIALIZED_AUTOS = YES_AGGRESSIVE;
				GCC_WARN_UNUSED_FUNCTION = YES;
				GCC_WARN_UNUSED_VARIABLE = YES;
				IPHONEOS_DEPLOYMENT_TARGET = 12.1;
				MTL_ENABLE_DEBUG_INFO = NO;
				MTL_FAST_MATH = YES;
				SDKROOT = iphoneos;
				SWIFT_COMPILATION_MODE = wholemodule;
				SWIFT_OPTIMIZATION_LEVEL = "-O";
				VALIDATE_PRODUCT = YES;
			};
			name = Release;
		};
		956B9A122256B53A00A07B81 /* Debug */ = {
			isa = XCBuildConfiguration;
			buildSettings = {
				ALWAYS_EMBED_SWIFT_STANDARD_LIBRARIES = YES;
				ASSETCATALOG_COMPILER_APPICON_NAME = AppIcon;
				CODE_SIGN_STYLE = Automatic;
				DEVELOPMENT_TEAM = 8NS76665K2;
				INFOPLIST_FILE = "Crossword v4/Info.plist";
				LD_RUNPATH_SEARCH_PATHS = (
					"$(inherited)",
					"@executable_path/Frameworks",
				);
				PRODUCT_BUNDLE_IDENTIFIER = "kelseyyim.Crossword-v4";
				PRODUCT_NAME = "$(TARGET_NAME)";
				SWIFT_VERSION = 4.2;
				TARGETED_DEVICE_FAMILY = "1,2";
			};
			name = Debug;
		};
		956B9A132256B53A00A07B81 /* Release */ = {
			isa = XCBuildConfiguration;
			buildSettings = {
				ALWAYS_EMBED_SWIFT_STANDARD_LIBRARIES = YES;
				ASSETCATALOG_COMPILER_APPICON_NAME = AppIcon;
				CODE_SIGN_STYLE = Automatic;
				DEVELOPMENT_TEAM = 8NS76665K2;
				INFOPLIST_FILE = "Crossword v4/Info.plist";
				LD_RUNPATH_SEARCH_PATHS = (
					"$(inherited)",
					"@executable_path/Frameworks",
				);
				PRODUCT_BUNDLE_IDENTIFIER = "kelseyyim.Crossword-v4";
				PRODUCT_NAME = "$(TARGET_NAME)";
				SWIFT_VERSION = 4.2;
				TARGETED_DEVICE_FAMILY = "1,2";
			};
			name = Release;
		};
		956B9A152256B53A00A07B81 /* Debug */ = {
			isa = XCBuildConfiguration;
			buildSettings = {
				ALWAYS_EMBED_SWIFT_STANDARD_LIBRARIES = YES;
				BUNDLE_LOADER = "$(TEST_HOST)";
				CODE_SIGN_STYLE = Automatic;
				DEVELOPMENT_TEAM = 8NS76665K2;
				INFOPLIST_FILE = "Crossword v4Tests/Info.plist";
				LD_RUNPATH_SEARCH_PATHS = (
					"$(inherited)",
					"@executable_path/Frameworks",
					"@loader_path/Frameworks",
				);
				PRODUCT_BUNDLE_IDENTIFIER = "kelseyyim.Crossword-v4Tests";
				PRODUCT_NAME = "$(TARGET_NAME)";
				SWIFT_VERSION = 4.2;
				TARGETED_DEVICE_FAMILY = "1,2";
				TEST_HOST = "$(BUILT_PRODUCTS_DIR)/Crossword v4.app/Crossword v4";
			};
			name = Debug;
		};
		956B9A162256B53A00A07B81 /* Release */ = {
			isa = XCBuildConfiguration;
			buildSettings = {
				ALWAYS_EMBED_SWIFT_STANDARD_LIBRARIES = YES;
				BUNDLE_LOADER = "$(TEST_HOST)";
				CODE_SIGN_STYLE = Automatic;
				DEVELOPMENT_TEAM = 8NS76665K2;
				INFOPLIST_FILE = "Crossword v4Tests/Info.plist";
				LD_RUNPATH_SEARCH_PATHS = (
					"$(inherited)",
					"@executable_path/Frameworks",
					"@loader_path/Frameworks",
				);
				PRODUCT_BUNDLE_IDENTIFIER = "kelseyyim.Crossword-v4Tests";
				PRODUCT_NAME = "$(TARGET_NAME)";
				SWIFT_VERSION = 4.2;
				TARGETED_DEVICE_FAMILY = "1,2";
				TEST_HOST = "$(BUILT_PRODUCTS_DIR)/Crossword v4.app/Crossword v4";
			};
			name = Release;
		};
		956B9A182256B53A00A07B81 /* Debug */ = {
			isa = XCBuildConfiguration;
			buildSettings = {
				ALWAYS_EMBED_SWIFT_STANDARD_LIBRARIES = YES;
				CODE_SIGN_STYLE = Automatic;
				DEVELOPMENT_TEAM = 8NS76665K2;
				INFOPLIST_FILE = "Crossword v4UITests/Info.plist";
				LD_RUNPATH_SEARCH_PATHS = (
					"$(inherited)",
					"@executable_path/Frameworks",
					"@loader_path/Frameworks",
				);
				PRODUCT_BUNDLE_IDENTIFIER = "kelseyyim.Crossword-v4UITests";
				PRODUCT_NAME = "$(TARGET_NAME)";
				SWIFT_VERSION = 4.2;
				TARGETED_DEVICE_FAMILY = "1,2";
				TEST_TARGET_NAME = "Crossword v4";
			};
			name = Debug;
		};
		956B9A192256B53A00A07B81 /* Release */ = {
			isa = XCBuildConfiguration;
			buildSettings = {
				ALWAYS_EMBED_SWIFT_STANDARD_LIBRARIES = YES;
				CODE_SIGN_STYLE = Automatic;
				DEVELOPMENT_TEAM = 8NS76665K2;
				INFOPLIST_FILE = "Crossword v4UITests/Info.plist";
				LD_RUNPATH_SEARCH_PATHS = (
					"$(inherited)",
					"@executable_path/Frameworks",
					"@loader_path/Frameworks",
				);
				PRODUCT_BUNDLE_IDENTIFIER = "kelseyyim.Crossword-v4UITests";
				PRODUCT_NAME = "$(TARGET_NAME)";
				SWIFT_VERSION = 4.2;
				TARGETED_DEVICE_FAMILY = "1,2";
				TEST_TARGET_NAME = "Crossword v4";
			};
			name = Release;
		};
		956B9A292256DDD700A07B81 /* Debug */ = {
			isa = XCBuildConfiguration;
			buildSettings = {
				CODE_SIGN_STYLE = Automatic;
				DEVELOPMENT_TEAM = 8NS76665K2;
				INFOPLIST_FILE = CrosswordKeyboard/Info.plist;
				LD_RUNPATH_SEARCH_PATHS = (
					"$(inherited)",
					"@executable_path/Frameworks",
					"@executable_path/../../Frameworks",
				);
				PRODUCT_BUNDLE_IDENTIFIER = "kelseyyim.Crossword-v4.CrosswordKeyboard";
				PRODUCT_NAME = "$(TARGET_NAME)";
				SKIP_INSTALL = YES;
				SWIFT_VERSION = 4.2;
				TARGETED_DEVICE_FAMILY = "1,2";
			};
			name = Debug;
		};
		956B9A2A2256DDD700A07B81 /* Release */ = {
			isa = XCBuildConfiguration;
			buildSettings = {
				CODE_SIGN_STYLE = Automatic;
				DEVELOPMENT_TEAM = 8NS76665K2;
				INFOPLIST_FILE = CrosswordKeyboard/Info.plist;
				LD_RUNPATH_SEARCH_PATHS = (
					"$(inherited)",
					"@executable_path/Frameworks",
					"@executable_path/../../Frameworks",
				);
				PRODUCT_BUNDLE_IDENTIFIER = "kelseyyim.Crossword-v4.CrosswordKeyboard";
				PRODUCT_NAME = "$(TARGET_NAME)";
				SKIP_INSTALL = YES;
				SWIFT_VERSION = 4.2;
				TARGETED_DEVICE_FAMILY = "1,2";
			};
			name = Release;
		};
/* End XCBuildConfiguration section */

/* Begin XCConfigurationList section */
		956B99E42256B53100A07B81 /* Build configuration list for PBXProject "Crossword v4" */ = {
			isa = XCConfigurationList;
			buildConfigurations = (
				956B9A0F2256B53A00A07B81 /* Debug */,
				956B9A102256B53A00A07B81 /* Release */,
			);
			defaultConfigurationIsVisible = 0;
			defaultConfigurationName = Release;
		};
		956B9A112256B53A00A07B81 /* Build configuration list for PBXNativeTarget "Crossword v4" */ = {
			isa = XCConfigurationList;
			buildConfigurations = (
				956B9A122256B53A00A07B81 /* Debug */,
				956B9A132256B53A00A07B81 /* Release */,
			);
			defaultConfigurationIsVisible = 0;
			defaultConfigurationName = Release;
		};
		956B9A142256B53A00A07B81 /* Build configuration list for PBXNativeTarget "Crossword v4Tests" */ = {
			isa = XCConfigurationList;
			buildConfigurations = (
				956B9A152256B53A00A07B81 /* Debug */,
				956B9A162256B53A00A07B81 /* Release */,
			);
			defaultConfigurationIsVisible = 0;
			defaultConfigurationName = Release;
		};
		956B9A172256B53A00A07B81 /* Build configuration list for PBXNativeTarget "Crossword v4UITests" */ = {
			isa = XCConfigurationList;
			buildConfigurations = (
				956B9A182256B53A00A07B81 /* Debug */,
				956B9A192256B53A00A07B81 /* Release */,
			);
			defaultConfigurationIsVisible = 0;
			defaultConfigurationName = Release;
		};
		956B9A282256DDD700A07B81 /* Build configuration list for PBXNativeTarget "CrosswordKeyboard" */ = {
			isa = XCConfigurationList;
			buildConfigurations = (
				956B9A292256DDD700A07B81 /* Debug */,
				956B9A2A2256DDD700A07B81 /* Release */,
			);
			defaultConfigurationIsVisible = 0;
			defaultConfigurationName = Release;
		};
/* End XCConfigurationList section */
	};
	rootObject = 956B99E12256B53100A07B81 /* Project object */;
}
